<?xml version="1.0" encoding="utf-8"?>
<Project ToolsVersion="4.0" xmlns="http://schemas.microsoft.com/developer/msbuild/2003">
  <ItemGroup>
    <Filter Include="asm">
      <UniqueIdentifier>{4f69d1a2-8eaf-4e58-9837-4904377fff6f}</UniqueIdentifier>
    </Filter>
    <Filter Include="include">
      <UniqueIdentifier>{1e77c582-6725-4f4f-8620-d2e530b663d4}</UniqueIdentifier>
    </Filter>
    <Filter Include="asm\i386">
      <UniqueIdentifier>{eb1b128a-c79c-4dd5-b666-222a1a05472d}</UniqueIdentifier>
    </Filter>
    <Filter Include="asm\x86_64">
      <UniqueIdentifier>{3b01b9f4-a447-4ab1-a04c-419ae82348b8}</UniqueIdentifier>
    </Filter>
  </ItemGroup>
  <ItemGroup>
    <ClCompile Include="..\..\source\stack.cpp" />
  </ItemGroup>
  <ItemGroup>
    <ClInclude Include="..\..\include\fcontext\fcontext.h">
      <Filter>include</Filter>
    </ClInclude>
  </ItemGroup>
  <ItemGroup>
    <MASM Include="..\..\asm\jump_x86_64_ms_pe_masm.asm">
      <Filter>asm\x86_64</Filter>
    </MASM>
    <MASM Include="..\..\asm\make_x86_64_ms_pe_masm.asm">
      <Filter>asm\x86_64</Filter>
    </MASM>
    <MASM Include="..\..\asm\ontop_x86_64_ms_pe_masm.asm">
      <Filter>asm\x86_64</Filter>
    </MASM>
    <MASM Include="..\..\asm\jump_i386_ms_pe_masm.asm">
      <Filter>asm\i386</Filter>
    </MASM>
    <MASM Include="..\..\asm\make_i386_ms_pe_masm.asm">
      <Filter>asm\i386</Filter>
    </MASM>
    <MASM Include="..\..\asm\ontop_i386_ms_pe_masm.asm">
      <Filter>asm\i386</Filter>
    </MASM>
  </ItemGroup>
</Project>